
Microsoft Visual Studio Solution File, Format Version 12.00
# Visual Studio Version 17
VisualStudioVersion = 17.0.31903.59
MinimumVisualStudioVersion = 10.0.40219.1
Project("{2150E333-8FDC-42A3-9474-1A3956D46DE8}") = "ChainOfResponsibilityPattern", "ChainOfResponsibilityPattern", "{8EEAE6A7-156A-658A-214F-0F8E84528EED}"
EndProject
Project("{FAE04EC0-301F-11D3-BF4B-00C04F79EFBC}") = "ChainOfResponsibilityPattern", "ChainOfResponsibilityPattern\ChainOfResponsibilityPattern\ChainOfResponsibilityPattern.csproj", "{44505B9C-C4F3-420F-A1A7-067905D06D4E}"
EndProject
Project("{2150E333-8FDC-42A3-9474-1A3956D46DE8}") = "CommandPattern", "CommandPattern", "{EF3D6535-A90C-9EA0-B257-28E69BCFB78E}"
EndProject
Project("{FAE04EC0-301F-11D3-BF4B-00C04F79EFBC}") = "CommandPattern", "CommandPattern\CommandPattern\CommandPattern.csproj", "{FBA91C05-773E-4447-B583-64B97DFEA9C5}"
EndProject
Project("{2150E333-8FDC-42A3-9474-1A3956D46DE8}") = "InterpreterPattern", "InterpreterPattern", "{8DE55A23-8D0E-083D-2CC5-40AF1981DAC0}"
EndProject
Project("{FAE04EC0-301F-11D3-BF4B-00C04F79EFBC}") = "InterpreterPattern", "InterpreterPattern\InterpreterPattern\InterpreterPattern.csproj", "{16F79AFB-BBCF-46A6-8A7A-AC2C14DDFAA7}"
EndProject
Project("{2150E333-8FDC-42A3-9474-1A3956D46DE8}") = "IteratorPattern", "IteratorPattern", "{6EFA8E6A-A7E7-869D-9A7F-7C16016EE5B9}"
EndProject
Project("{FAE04EC0-301F-11D3-BF4B-00C04F79EFBC}") = "IteratorPattern", "IteratorPattern\IteratorPattern\IteratorPattern.csproj", "{18E9F7A6-AF71-4D79-AC54-66DF7EFDB3F3}"
EndProject
Project("{2150E333-8FDC-42A3-9474-1A3956D46DE8}") = "MediatorPattern", "MediatorPattern", "{499F1C4C-EF9E-6AFB-855C-6CD0A0D4968E}"
EndProject
Project("{FAE04EC0-301F-11D3-BF4B-00C04F79EFBC}") = "MediatorPattern", "MediatorPattern\MediatorPattern\MediatorPattern.csproj", "{29AAC9BB-11C2-42BC-94C3-311457B4608C}"
EndProject
Project("{2150E333-8FDC-42A3-9474-1A3956D46DE8}") = "MementoPattern", "MementoPattern", "{FEAF9003-537B-8B91-AB26-38C4AF7FFBEF}"
EndProject
Project("{FAE04EC0-301F-11D3-BF4B-00C04F79EFBC}") = "MementoPattern", "MementoPattern\MementoPattern\MementoPattern.csproj", "{F9F6F873-CA00-444A-92A3-55CD03C047DC}"
EndProject
Project("{2150E333-8FDC-42A3-9474-1A3956D46DE8}") = "ObserverPattern", "ObserverPattern", "{AC229E7D-63D5-C6B5-D723-9ADA33B489D6}"
EndProject
Project("{FAE04EC0-301F-11D3-BF4B-00C04F79EFBC}") = "ObserverPattern", "ObserverPattern\ObserverPattern\ObserverPattern.csproj", "{3C6C0B4A-FE1F-4B02-B4A5-8C87F9E49165}"
EndProject
Project("{2150E333-8FDC-42A3-9474-1A3956D46DE8}") = "StatePattern", "StatePattern", "{EE5AF062-41AE-E1F3-F90F-77BACFD595B4}"
EndProject
Project("{FAE04EC0-301F-11D3-BF4B-00C04F79EFBC}") = "StatePattern", "StatePattern\StatePattern\StatePattern.csproj", "{D77E1F5E-74D4-46AD-98C0-7CB1684D92DB}"
EndProject
Project("{2150E333-8FDC-42A3-9474-1A3956D46DE8}") = "StrategyPattern", "StrategyPattern", "{01A30E9E-6D5B-1060-0EF8-DBFAD72785AF}"
EndProject
Project("{FAE04EC0-301F-11D3-BF4B-00C04F79EFBC}") = "StrategyPattern", "StrategyPattern\StrategyPattern\StrategyPattern.csproj", "{AFDF6BAC-24FD-4B3D-9898-3D08E4AEB805}"
EndProject
Project("{2150E333-8FDC-42A3-9474-1A3956D46DE8}") = "TemplateMethodPattern", "TemplateMethodPattern", "{C704023B-3407-7BCF-DE85-92C9D898B29A}"
EndProject
Project("{FAE04EC0-301F-11D3-BF4B-00C04F79EFBC}") = "TemplateMethodPattern", "TemplateMethodPattern\TemplateMethodPattern\TemplateMethodPattern.csproj", "{53BBED26-58DF-4EBF-837B-A7384829EF86}"
EndProject
Project("{2150E333-8FDC-42A3-9474-1A3956D46DE8}") = "VisitorPattern", "VisitorPattern", "{E32803EA-5C3E-B622-543B-ADF4DE9FF092}"
EndProject
Project("{FAE04EC0-301F-11D3-BF4B-00C04F79EFBC}") = "VisitorPattern", "VisitorPattern\VisitorPattern\VisitorPattern.csproj", "{935CBE61-48EC-49F0-8F00-CBE9593B156C}"
EndProject
Global
	GlobalSection(SolutionConfigurationPlatforms) = preSolution
		Debug|Any CPU = Debug|Any CPU
		Debug|x64 = Debug|x64
		Debug|x86 = Debug|x86
		Release|Any CPU = Release|Any CPU
		Release|x64 = Release|x64
		Release|x86 = Release|x86
	EndGlobalSection
	GlobalSection(ProjectConfigurationPlatforms) = postSolution
		{44505B9C-C4F3-420F-A1A7-067905D06D4E}.Debug|Any CPU.ActiveCfg = Debug|Any CPU
		{44505B9C-C4F3-420F-A1A7-067905D06D4E}.Debug|Any CPU.Build.0 = Debug|Any CPU
		{44505B9C-C4F3-420F-A1A7-067905D06D4E}.Debug|x64.ActiveCfg = Debug|Any CPU
		{44505B9C-C4F3-420F-A1A7-067905D06D4E}.Debug|x64.Build.0 = Debug|Any CPU
		{44505B9C-C4F3-420F-A1A7-067905D06D4E}.Debug|x86.ActiveCfg = Debug|Any CPU
		{44505B9C-C4F3-420F-A1A7-067905D06D4E}.Debug|x86.Build.0 = Debug|Any CPU
		{44505B9C-C4F3-420F-A1A7-067905D06D4E}.Release|Any CPU.ActiveCfg = Release|Any CPU
		{44505B9C-C4F3-420F-A1A7-067905D06D4E}.Release|Any CPU.Build.0 = Release|Any CPU
		{44505B9C-C4F3-420F-A1A7-067905D06D4E}.Release|x64.ActiveCfg = Release|Any CPU
		{44505B9C-C4F3-420F-A1A7-067905D06D4E}.Release|x64.Build.0 = Release|Any CPU
		{44505B9C-C4F3-420F-A1A7-067905D06D4E}.Release|x86.ActiveCfg = Release|Any CPU
		{44505B9C-C4F3-420F-A1A7-067905D06D4E}.Release|x86.Build.0 = Release|Any CPU
		{FBA91C05-773E-4447-B583-64B97DFEA9C5}.Debug|Any CPU.ActiveCfg = Debug|Any CPU
		{FBA91C05-773E-4447-B583-64B97DFEA9C5}.Debug|Any CPU.Build.0 = Debug|Any CPU
		{FBA91C05-773E-4447-B583-64B97DFEA9C5}.Debug|x64.ActiveCfg = Debug|Any CPU
		{FBA91C05-773E-4447-B583-64B97DFEA9C5}.Debug|x64.Build.0 = Debug|Any CPU
		{FBA91C05-773E-4447-B583-64B97DFEA9C5}.Debug|x86.ActiveCfg = Debug|Any CPU
		{FBA91C05-773E-4447-B583-64B97DFEA9C5}.Debug|x86.Build.0 = Debug|Any CPU
		{FBA91C05-773E-4447-B583-64B97DFEA9C5}.Release|Any CPU.ActiveCfg = Release|Any CPU
		{FBA91C05-773E-4447-B583-64B97DFEA9C5}.Release|Any CPU.Build.0 = Release|Any CPU
		{FBA91C05-773E-4447-B583-64B97DFEA9C5}.Release|x64.ActiveCfg = Release|Any CPU
		{FBA91C05-773E-4447-B583-64B97DFEA9C5}.Release|x64.Build.0 = Release|Any CPU
		{FBA91C05-773E-4447-B583-64B97DFEA9C5}.Release|x86.ActiveCfg = Release|Any CPU
		{FBA91C05-773E-4447-B583-64B97DFEA9C5}.Release|x86.Build.0 = Release|Any CPU
		{16F79AFB-BBCF-46A6-8A7A-AC2C14DDFAA7}.Debug|Any CPU.ActiveCfg = Debug|Any CPU
		{16F79AFB-BBCF-46A6-8A7A-AC2C14DDFAA7}.Debug|Any CPU.Build.0 = Debug|Any CPU
		{16F79AFB-BBCF-46A6-8A7A-AC2C14DDFAA7}.Debug|x64.ActiveCfg = Debug|Any CPU
		{16F79AFB-BBCF-46A6-8A7A-AC2C14DDFAA7}.Debug|x64.Build.0 = Debug|Any CPU
		{16F79AFB-BBCF-46A6-8A7A-AC2C14DDFAA7}.Debug|x86.ActiveCfg = Debug|Any CPU
		{16F79AFB-BBCF-46A6-8A7A-AC2C14DDFAA7}.Debug|x86.Build.0 = Debug|Any CPU
		{16F79AFB-BBCF-46A6-8A7A-AC2C14DDFAA7}.Release|Any CPU.ActiveCfg = Release|Any CPU
		{16F79AFB-BBCF-46A6-8A7A-AC2C14DDFAA7}.Release|Any CPU.Build.0 = Release|Any CPU
		{16F79AFB-BBCF-46A6-8A7A-AC2C14DDFAA7}.Release|x64.ActiveCfg = Release|Any CPU
		{16F79AFB-BBCF-46A6-8A7A-AC2C14DDFAA7}.Release|x64.Build.0 = Release|Any CPU
		{16F79AFB-BBCF-46A6-8A7A-AC2C14DDFAA7}.Release|x86.ActiveCfg = Release|Any CPU
		{16F79AFB-BBCF-46A6-8A7A-AC2C14DDFAA7}.Release|x86.Build.0 = Release|Any CPU
		{18E9F7A6-AF71-4D79-AC54-66DF7EFDB3F3}.Debug|Any CPU.ActiveCfg = Debug|Any CPU
		{18E9F7A6-AF71-4D79-AC54-66DF7EFDB3F3}.Debug|Any CPU.Build.0 = Debug|Any CPU
		{18E9F7A6-AF71-4D79-AC54-66DF7EFDB3F3}.Debug|x64.ActiveCfg = Debug|Any CPU
		{18E9F7A6-AF71-4D79-AC54-66DF7EFDB3F3}.Debug|x64.Build.0 = Debug|Any CPU
		{18E9F7A6-AF71-4D79-AC54-66DF7EFDB3F3}.Debug|x86.ActiveCfg = Debug|Any CPU
		{18E9F7A6-AF71-4D79-AC54-66DF7EFDB3F3}.Debug|x86.Build.0 = Debug|Any CPU
		{18E9F7A6-AF71-4D79-AC54-66DF7EFDB3F3}.Release|Any CPU.ActiveCfg = Release|Any CPU
		{18E9F7A6-AF71-4D79-AC54-66DF7EFDB3F3}.Release|Any CPU.Build.0 = Release|Any CPU
		{18E9F7A6-AF71-4D79-AC54-66DF7EFDB3F3}.Release|x64.ActiveCfg = Release|Any CPU
		{18E9F7A6-AF71-4D79-AC54-66DF7EFDB3F3}.Release|x64.Build.0 = Release|Any CPU
		{18E9F7A6-AF71-4D79-AC54-66DF7EFDB3F3}.Release|x86.ActiveCfg = Release|Any CPU
		{18E9F7A6-AF71-4D79-AC54-66DF7EFDB3F3}.Release|x86.Build.0 = Release|Any CPU
		{29AAC9BB-11C2-42BC-94C3-311457B4608C}.Debug|Any CPU.ActiveCfg = Debug|Any CPU
		{29AAC9BB-11C2-42BC-94C3-311457B4608C}.Debug|Any CPU.Build.0 = Debug|Any CPU
		{29AAC9BB-11C2-42BC-94C3-311457B4608C}.Debug|x64.ActiveCfg = Debug|Any CPU
		{29AAC9BB-11C2-42BC-94C3-311457B4608C}.Debug|x64.Build.0 = Debug|Any CPU
		{29AAC9BB-11C2-42BC-94C3-311457B4608C}.Debug|x86.ActiveCfg = Debug|Any CPU
		{29AAC9BB-11C2-42BC-94C3-311457B4608C}.Debug|x86.Build.0 = Debug|Any CPU
		{29AAC9BB-11C2-42BC-94C3-311457B4608C}.Release|Any CPU.ActiveCfg = Release|Any CPU
		{29AAC9BB-11C2-42BC-94C3-311457B4608C}.Release|Any CPU.Build.0 = Release|Any CPU
		{29AAC9BB-11C2-42BC-94C3-311457B4608C}.Release|x64.ActiveCfg = Release|Any CPU
		{29AAC9BB-11C2-42BC-94C3-311457B4608C}.Release|x64.Build.0 = Release|Any CPU
		{29AAC9BB-11C2-42BC-94C3-311457B4608C}.Release|x86.ActiveCfg = Release|Any CPU
		{29AAC9BB-11C2-42BC-94C3-311457B4608C}.Release|x86.Build.0 = Release|Any CPU
		{F9F6F873-CA00-444A-92A3-55CD03C047DC}.Debug|Any CPU.ActiveCfg = Debug|Any CPU
		{F9F6F873-CA00-444A-92A3-55CD03C047DC}.Debug|Any CPU.Build.0 = Debug|Any CPU
		{F9F6F873-CA00-444A-92A3-55CD03C047DC}.Debug|x64.ActiveCfg = Debug|Any CPU
		{F9F6F873-CA00-444A-92A3-55CD03C047DC}.Debug|x64.Build.0 = Debug|Any CPU
		{F9F6F873-CA00-444A-92A3-55CD03C047DC}.Debug|x86.ActiveCfg = Debug|Any CPU
		{F9F6F873-CA00-444A-92A3-55CD03C047DC}.Debug|x86.Build.0 = Debug|Any CPU
		{F9F6F873-CA00-444A-92A3-55CD03C047DC}.Release|Any CPU.ActiveCfg = Release|Any CPU
		{F9F6F873-CA00-444A-92A3-55CD03C047DC}.Release|Any CPU.Build.0 = Release|Any CPU
		{F9F6F873-CA00-444A-92A3-55CD03C047DC}.Release|x64.ActiveCfg = Release|Any CPU
		{F9F6F873-CA00-444A-92A3-55CD03C047DC}.Release|x64.Build.0 = Release|Any CPU
		{F9F6F873-CA00-444A-92A3-55CD03C047DC}.Release|x86.ActiveCfg = Release|Any CPU
		{F9F6F873-CA00-444A-92A3-55CD03C047DC}.Release|x86.Build.0 = Release|Any CPU
		{3C6C0B4A-FE1F-4B02-B4A5-8C87F9E49165}.Debug|Any CPU.ActiveCfg = Debug|Any CPU
		{3C6C0B4A-FE1F-4B02-B4A5-8C87F9E49165}.Debug|Any CPU.Build.0 = Debug|Any CPU
		{3C6C0B4A-FE1F-4B02-B4A5-8C87F9E49165}.Debug|x64.ActiveCfg = Debug|Any CPU
		{3C6C0B4A-FE1F-4B02-B4A5-8C87F9E49165}.Debug|x64.Build.0 = Debug|Any CPU
		{3C6C0B4A-FE1F-4B02-B4A5-8C87F9E49165}.Debug|x86.ActiveCfg = Debug|Any CPU
		{3C6C0B4A-FE1F-4B02-B4A5-8C87F9E49165}.Debug|x86.Build.0 = Debug|Any CPU
		{3C6C0B4A-FE1F-4B02-B4A5-8C87F9E49165}.Release|Any CPU.ActiveCfg = Release|Any CPU
		{3C6C0B4A-FE1F-4B02-B4A5-8C87F9E49165}.Release|Any CPU.Build.0 = Release|Any CPU
		{3C6C0B4A-FE1F-4B02-B4A5-8C87F9E49165}.Release|x64.ActiveCfg = Release|Any CPU
		{3C6C0B4A-FE1F-4B02-B4A5-8C87F9E49165}.Release|x64.Build.0 = Release|Any CPU
		{3C6C0B4A-FE1F-4B02-B4A5-8C87F9E49165}.Release|x86.ActiveCfg = Release|Any CPU
		{3C6C0B4A-FE1F-4B02-B4A5-8C87F9E49165}.Release|x86.Build.0 = Release|Any CPU
		{D77E1F5E-74D4-46AD-98C0-7CB1684D92DB}.Debug|Any CPU.ActiveCfg = Debug|Any CPU
		{D77E1F5E-74D4-46AD-98C0-7CB1684D92DB}.Debug|Any CPU.Build.0 = Debug|Any CPU
		{D77E1F5E-74D4-46AD-98C0-7CB1684D92DB}.Debug|x64.ActiveCfg = Debug|Any CPU
		{D77E1F5E-74D4-46AD-98C0-7CB1684D92DB}.Debug|x64.Build.0 = Debug|Any CPU
		{D77E1F5E-74D4-46AD-98C0-7CB1684D92DB}.Debug|x86.ActiveCfg = Debug|Any CPU
		{D77E1F5E-74D4-46AD-98C0-7CB1684D92DB}.Debug|x86.Build.0 = Debug|Any CPU
		{D77E1F5E-74D4-46AD-98C0-7CB1684D92DB}.Release|Any CPU.ActiveCfg = Release|Any CPU
		{D77E1F5E-74D4-46AD-98C0-7CB1684D92DB}.Release|Any CPU.Build.0 = Release|Any CPU
		{D77E1F5E-74D4-46AD-98C0-7CB1684D92DB}.Release|x64.ActiveCfg = Release|Any CPU
		{D77E1F5E-74D4-46AD-98C0-7CB1684D92DB}.Release|x64.Build.0 = Release|Any CPU
		{D77E1F5E-74D4-46AD-98C0-7CB1684D92DB}.Release|x86.ActiveCfg = Release|Any CPU
		{D77E1F5E-74D4-46AD-98C0-7CB1684D92DB}.Release|x86.Build.0 = Release|Any CPU
		{AFDF6BAC-24FD-4B3D-9898-3D08E4AEB805}.Debug|Any CPU.ActiveCfg = Debug|Any CPU
		{AFDF6BAC-24FD-4B3D-9898-3D08E4AEB805}.Debug|Any CPU.Build.0 = Debug|Any CPU
		{AFDF6BAC-24FD-4B3D-9898-3D08E4AEB805}.Debug|x64.ActiveCfg = Debug|Any CPU
		{AFDF6BAC-24FD-4B3D-9898-3D08E4AEB805}.Debug|x64.Build.0 = Debug|Any CPU
		{AFDF6BAC-24FD-4B3D-9898-3D08E4AEB805}.Debug|x86.ActiveCfg = Debug|Any CPU
		{AFDF6BAC-24FD-4B3D-9898-3D08E4AEB805}.Debug|x86.Build.0 = Debug|Any CPU
		{AFDF6BAC-24FD-4B3D-9898-3D08E4AEB805}.Release|Any CPU.ActiveCfg = Release|Any CPU
		{AFDF6BAC-24FD-4B3D-9898-3D08E4AEB805}.Release|Any CPU.Build.0 = Release|Any CPU
		{AFDF6BAC-24FD-4B3D-9898-3D08E4AEB805}.Release|x64.ActiveCfg = Release|Any CPU
		{AFDF6BAC-24FD-4B3D-9898-3D08E4AEB805}.Release|x64.Build.0 = Release|Any CPU
		{AFDF6BAC-24FD-4B3D-9898-3D08E4AEB805}.Release|x86.ActiveCfg = Release|Any CPU
		{AFDF6BAC-24FD-4B3D-9898-3D08E4AEB805}.Release|x86.Build.0 = Release|Any CPU
		{53BBED26-58DF-4EBF-837B-A7384829EF86}.Debug|Any CPU.ActiveCfg = Debug|Any CPU
		{53BBED26-58DF-4EBF-837B-A7384829EF86}.Debug|Any CPU.Build.0 = Debug|Any CPU
		{53BBED26-58DF-4EBF-837B-A7384829EF86}.Debug|x64.ActiveCfg = Debug|Any CPU
		{53BBED26-58DF-4EBF-837B-A7384829EF86}.Debug|x64.Build.0 = Debug|Any CPU
		{53BBED26-58DF-4EBF-837B-A7384829EF86}.Debug|x86.ActiveCfg = Debug|Any CPU
		{53BBED26-58DF-4EBF-837B-A7384829EF86}.Debug|x86.Build.0 = Debug|Any CPU
		{53BBED26-58DF-4EBF-837B-A7384829EF86}.Release|Any CPU.ActiveCfg = Release|Any CPU
		{53BBED26-58DF-4EBF-837B-A7384829EF86}.Release|Any CPU.Build.0 = Release|Any CPU
		{53BBED26-58DF-4EBF-837B-A7384829EF86}.Release|x64.ActiveCfg = Release|Any CPU
		{53BBED26-58DF-4EBF-837B-A7384829EF86}.Release|x64.Build.0 = Release|Any CPU
		{53BBED26-58DF-4EBF-837B-A7384829EF86}.Release|x86.ActiveCfg = Release|Any CPU
		{53BBED26-58DF-4EBF-837B-A7384829EF86}.Release|x86.Build.0 = Release|Any CPU
		{935CBE61-48EC-49F0-8F00-CBE9593B156C}.Debug|Any CPU.ActiveCfg = Debug|Any CPU
		{935CBE61-48EC-49F0-8F00-CBE9593B156C}.Debug|Any CPU.Build.0 = Debug|Any CPU
		{935CBE61-48EC-49F0-8F00-CBE9593B156C}.Debug|x64.ActiveCfg = Debug|Any CPU
		{935CBE61-48EC-49F0-8F00-CBE9593B156C}.Debug|x64.Build.0 = Debug|Any CPU
		{935CBE61-48EC-49F0-8F00-CBE9593B156C}.Debug|x86.ActiveCfg = Debug|Any CPU
		{935CBE61-48EC-49F0-8F00-CBE9593B156C}.Debug|x86.Build.0 = Debug|Any CPU
		{935CBE61-48EC-49F0-8F00-CBE9593B156C}.Release|Any CPU.ActiveCfg = Release|Any CPU
		{935CBE61-48EC-49F0-8F00-CBE9593B156C}.Release|Any CPU.Build.0 = Release|Any CPU
		{935CBE61-48EC-49F0-8F00-CBE9593B156C}.Release|x64.ActiveCfg = Release|Any CPU
		{935CBE61-48EC-49F0-8F00-CBE9593B156C}.Release|x64.Build.0 = Release|Any CPU
		{935CBE61-48EC-49F0-8F00-CBE9593B156C}.Release|x86.ActiveCfg = Release|Any CPU
		{935CBE61-48EC-49F0-8F00-CBE9593B156C}.Release|x86.Build.0 = Release|Any CPU
	EndGlobalSection
	GlobalSection(SolutionProperties) = preSolution
		HideSolutionNode = FALSE
	EndGlobalSection
	GlobalSection(NestedProjects) = preSolution
		{44505B9C-C4F3-420F-A1A7-067905D06D4E} = {8EEAE6A7-156A-658A-214F-0F8E84528EED}
		{FBA91C05-773E-4447-B583-64B97DFEA9C5} = {EF3D6535-A90C-9EA0-B257-28E69BCFB78E}
		{16F79AFB-BBCF-46A6-8A7A-AC2C14DDFAA7} = {8DE55A23-8D0E-083D-2CC5-40AF1981DAC0}
		{18E9F7A6-AF71-4D79-AC54-66DF7EFDB3F3} = {6EFA8E6A-A7E7-869D-9A7F-7C16016EE5B9}
		{29AAC9BB-11C2-42BC-94C3-311457B4608C} = {499F1C4C-EF9E-6AFB-855C-6CD0A0D4968E}
		{F9F6F873-CA00-444A-92A3-55CD03C047DC} = {FEAF9003-537B-8B91-AB26-38C4AF7FFBEF}
		{3C6C0B4A-FE1F-4B02-B4A5-8C87F9E49165} = {AC229E7D-63D5-C6B5-D723-9ADA33B489D6}
		{D77E1F5E-74D4-46AD-98C0-7CB1684D92DB} = {EE5AF062-41AE-E1F3-F90F-77BACFD595B4}
		{AFDF6BAC-24FD-4B3D-9898-3D08E4AEB805} = {01A30E9E-6D5B-1060-0EF8-DBFAD72785AF}
		{53BBED26-58DF-4EBF-837B-A7384829EF86} = {C704023B-3407-7BCF-DE85-92C9D898B29A}
		{935CBE61-48EC-49F0-8F00-CBE9593B156C} = {E32803EA-5C3E-B622-543B-ADF4DE9FF092}
	EndGlobalSection
EndGlobal
